
Microsoft Visual Studio Solution File, Format Version 12.00
# Visual Studio Version 17
VisualStudioVersion = 17.5.002.0
MinimumVisualStudioVersion = 10.0.40219.1
Project("{9A19103F-16F7-4668-BE54-9A1E7A4F7556}") = "Trigger-CD", "Trigger-CD.csproj", "{BF32F9B6-D063-4ADC-ACF3-921F0CCE4D32}"
EndProject
Project("{FAE04EC0-301F-11D3-BF4B-00C04F79EFBC}") = "Trigger-CD.Tests", "Trigger-CD.Tests\Trigger-CD.Tests.csproj", "{86962CDE-4850-4DCD-B989-B7F71F475F27}"
EndProject
Global
	GlobalSection(SolutionConfigurationPlatforms) = preSolution
		Debug|Any CPU = Debug|Any CPU
		Release|Any CPU = Release|Any CPU
	EndGlobalSection
	GlobalSection(ProjectConfigurationPlatforms) = postSolution
		{BF32F9B6-D063-4ADC-ACF3-921F0CCE4D32}.Debug|Any CPU.ActiveCfg = Debug|Any CPU
		{BF32F9B6-D063-4ADC-ACF3-921F0CCE4D32}.Debug|Any CPU.Build.0 = Debug|Any CPU
		{BF32F9B6-D063-4ADC-ACF3-921F0CCE4D32}.Release|Any CPU.ActiveCfg = Release|Any CPU
		{BF32F9B6-D063-4ADC-ACF3-921F0CCE4D32}.Release|Any CPU.Build.0 = Release|Any CPU
		{86962CDE-4850-4DCD-B989-B7F71F475F27}.Debug|Any CPU.ActiveCfg = Debug|Any CPU
		{86962CDE-4850-4DCD-B989-B7F71F475F27}.Debug|Any CPU.Build.0 = Debug|Any CPU
		{86962CDE-4850-4DCD-B989-B7F71F475F27}.Release|Any CPU.ActiveCfg = Release|Any CPU
		{86962CDE-4850-4DCD-B989-B7F71F475F27}.Release|Any CPU.Build.0 = Release|Any CPU
	EndGlobalSection
	GlobalSection(SolutionProperties) = preSolution
		HideSolutionNode = FALSE
	EndGlobalSection
	GlobalSection(ExtensibilityGlobals) = postSolution
		SolutionGuid = {6FE4431F-F117-454F-BDB3-388703A963E6}
	EndGlobalSection
EndGlobal
